github.com/asciitosvg/asciitosvg v0.0.0-20180501191814-82ac9a9ec18b h1:yxh+jvSbCjcaCbAqBadvHnKxnzT4scYBd6yG7NkXfhc=
github.com/asciitosvg/asciitosvg v0.0.0-20180501191814-82ac9a9ec18b/go.mod h1:xy5HA/0qxVxWPgNsximp7SNXvrNMD4owrvlui/2WyV0=
github.com/kr/pretty v0.1.0 h1:L/CwN0zerZDmRFUapSPitk6f+Q3+0za1rQkzVuMiMFI=
github.com/kr/pretty v0.1.0/go.mod h1:dAy3ld7l9f0ibDNOQOHHMYYIIbhfbHSm3C4ZsoJORNo=
github.com/kr/pty v1.1.1/go.mod h1:pFQYn66WHrOpPYNljwOMqo10TkYh1fy3cYio2l3bCsQ=
github.com/kr/text v0.1.0 h1:45sCR5RtlFHMR4UwH9sdQ5TC8v0qDQCHnXt+kaKSTVE=
github.com/kr/text v0.1.0/go.mod h1:4Jbv+DJW3UT/LiOwJeYQe1efqtUx/iVham/4vfdArNI=
github.com/maruel/ut v1.0.0 h1:Tg5f5waOijrohsOwnMlr1bZmv+wHEbuMEacNBE8kQ7k=
github.com/maruel/ut v1.0.0/go.mod h1:I68ffiAt5qre9obEVTy7S2/fj2dJku2NYLvzPuY0gqE=
github.com/pmezard/go-difflib v1.0.0 h1:4DBwDE0NGyQoBHbLQYPwSUPoCMWR5BEzIk/f1lZbAQM=
github.com/pmezard/go-difflib v1.0.0/go.mod h1:iKH77koFhYxTK1pcRnkKkqfTogsbg7gZNVY4sRDYZ/4=
